
Microsoft Visual Studio Solution File, Format Version 12.00
# Visual Studio 15
VisualStudioVersion = 15.0.28010.2016
MinimumVisualStudioVersion = 10.0.40219.1
Project("{FAE04EC0-301F-11D3-BF4B-00C04F79EFBC}") = "RockPaperScissorsKata", "RockPaperScissorsKata\RockPaperScissorsKata.csproj", "{683FF285-9C3D-4B48-93CF-1C0F23AF6E45}"
EndProject
Project("{FAE04EC0-301F-11D3-BF4B-00C04F79EFBC}") = "RockPaperScissorsKataTests", "RockPaperScissorsKataTests\RockPaperScissorsKataTests.csproj", "{927A5BDE-9BD0-49FF-A0CE-453B8C192CCD}"
EndProject
Global
	GlobalSection(SolutionConfigurationPlatforms) = preSolution
		Debug|Any CPU = Debug|Any CPU
		Release|Any CPU = Release|Any CPU
	EndGlobalSection
	GlobalSection(ProjectConfigurationPlatforms) = postSolution
		{683FF285-9C3D-4B48-93CF-1C0F23AF6E45}.Debug|Any CPU.ActiveCfg = Debug|Any CPU
		{683FF285-9C3D-4B48-93CF-1C0F23AF6E45}.Debug|Any CPU.Build.0 = Debug|Any CPU
		{683FF285-9C3D-4B48-93CF-1C0F23AF6E45}.Release|Any CPU.ActiveCfg = Release|Any CPU
		{683FF285-9C3D-4B48-93CF-1C0F23AF6E45}.Release|Any CPU.Build.0 = Release|Any CPU
		{927A5BDE-9BD0-49FF-A0CE-453B8C192CCD}.Debug|Any CPU.ActiveCfg = Debug|Any CPU
		{927A5BDE-9BD0-49FF-A0CE-453B8C192CCD}.Debug|Any CPU.Build.0 = Debug|Any CPU
		{927A5BDE-9BD0-49FF-A0CE-453B8C192CCD}.Release|Any CPU.ActiveCfg = Release|Any CPU
		{927A5BDE-9BD0-49FF-A0CE-453B8C192CCD}.Release|Any CPU.Build.0 = Release|Any CPU
	EndGlobalSection
	GlobalSection(SolutionProperties) = preSolution
		HideSolutionNode = FALSE
	EndGlobalSection
	GlobalSection(ExtensibilityGlobals) = postSolution
		SolutionGuid = {5DED9F71-9B84-49A9-83CB-D5E113F5BD9D}
	EndGlobalSection
EndGlobal
